// !$*UTF8*$!
{
	archiveVersion = 1;
	classes = {
	};
	objectVersion = 50;
	objects = {

/* Begin PBXBuildFile section */
		2BA32FEC23B8AB6F00F47268 /* AppDelegate.swift in Sources */ = {isa = PBXBuildFile; fileRef = 2BA32FEB23B8AB6F00F47268 /* AppDelegate.swift */; };
		2BA32FEE23B8AB6F00F47268 /* SceneDelegate.swift in Sources */ = {isa = PBXBuildFile; fileRef = 2BA32FED23B8AB6F00F47268 /* SceneDelegate.swift */; };
		2BA32FF023B8AB6F00F47268 /* ContentView.swift in Sources */ = {isa = PBXBuildFile; fileRef = 2BA32FEF23B8AB6F00F47268 /* ContentView.swift */; };
		2BA32FF223B8AB7100F47268 /* Assets.xcassets in Resources */ = {isa = PBXBuildFile; fileRef = 2BA32FF123B8AB7100F47268 /* Assets.xcassets */; };
		2BA32FF523B8AB7100F47268 /* Preview Assets.xcassets in Resources */ = {isa = PBXBuildFile; fileRef = 2BA32FF423B8AB7100F47268 /* Preview Assets.xcassets */; };
		2BA32FF823B8AB7100F47268 /* LaunchScreen.storyboard in Resources */ = {isa = PBXBuildFile; fileRef = 2BA32FF623B8AB7100F47268 /* LaunchScreen.storyboard */; };
		2BA9058A23BA1CD4001BBB2A /* Resort.swift in Sources */ = {isa = PBXBuildFile; fileRef = 2BA9058923BA1CD4001BBB2A /* Resort.swift */; };
		2BA9058C23BA1CE5001BBB2A /* resorts.json in Resources */ = {isa = PBXBuildFile; fileRef = 2BA9058B23BA1CE5001BBB2A /* resorts.json */; };
		2BA9058E23BA1E00001BBB2A /* Bundle-Decodable.swift in Sources */ = {isa = PBXBuildFile; fileRef = 2BA9058D23BA1E00001BBB2A /* Bundle-Decodable.swift */; };
		2BA9059023BA1F1D001BBB2A /* WelcomeView.swift in Sources */ = {isa = PBXBuildFile; fileRef = 2BA9058F23BA1F1D001BBB2A /* WelcomeView.swift */; };
		2BA9059223BA2009001BBB2A /* ResortView.swift in Sources */ = {isa = PBXBuildFile; fileRef = 2BA9059123BA2009001BBB2A /* ResortView.swift */; };
		2BA9059423BA209B001BBB2A /* SkiDetailsView.swift in Sources */ = {isa = PBXBuildFile; fileRef = 2BA9059323BA209B001BBB2A /* SkiDetailsView.swift */; };
		2BA9059623BA20B3001BBB2A /* ResortDetailsView.swift in Sources */ = {isa = PBXBuildFile; fileRef = 2BA9059523BA20B3001BBB2A /* ResortDetailsView.swift */; };
		2BA9059823BA25E4001BBB2A /* Facility.swift in Sources */ = {isa = PBXBuildFile; fileRef = 2BA9059723BA25E4001BBB2A /* Facility.swift */; };
		2BA9059A23BA291E001BBB2A /* Favorites.swift in Sources */ = {isa = PBXBuildFile; fileRef = 2BA9059923BA291E001BBB2A /* Favorites.swift */; };
/* End PBXBuildFile section */

/* Begin PBXFileReference section */
		2BA32FE823B8AB6F00F47268 /* SnowSeeker.app */ = {isa = PBXFileReference; explicitFileType = wrapper.application; includeInIndex = 0; path = SnowSeeker.app; sourceTree = BUILT_PRODUCTS_DIR; };
		2BA32FEB23B8AB6F00F47268 /* AppDelegate.swift */ = {isa = PBXFileReference; lastKnownFileType = sourcecode.swift; path = AppDelegate.swift; sourceTree = "<group>"; };
		2BA32FED23B8AB6F00F47268 /* SceneDelegate.swift */ = {isa = PBXFileReference; lastKnownFileType = sourcecode.swift; path = SceneDelegate.swift; sourceTree = "<group>"; };
		2BA32FEF23B8AB6F00F47268 /* ContentView.swift */ = {isa = PBXFileReference; lastKnownFileType = sourcecode.swift; path = ContentView.swift; sourceTree = "<group>"; };
		2BA32FF123B8AB7100F47268 /* Assets.xcassets */ = {isa = PBXFileReference; lastKnownFileType = folder.assetcatalog; path = Assets.xcassets; sourceTree = "<group>"; };
		2BA32FF423B8AB7100F47268 /* Preview Assets.xcassets */ = {isa = PBXFileReference; lastKnownFileType = folder.assetcatalog; path = "Preview Assets.xcassets"; sourceTree = "<group>"; };
		2BA32FF723B8AB7100F47268 /* Base */ = {isa = PBXFileReference; lastKnownFileType = file.storyboard; name = Base; path = Base.lproj/LaunchScreen.storyboard; sourceTree = "<group>"; };
		2BA32FF923B8AB7100F47268 /* Info.plist */ = {isa = PBXFileReference; lastKnownFileType = text.plist.xml; path = Info.plist; sourceTree = "<group>"; };
		2BA9058923BA1CD4001BBB2A /* Resort.swift */ = {isa = PBXFileReference; lastKnownFileType = sourcecode.swift; path = Resort.swift; sourceTree = "<group>"; };
		2BA9058B23BA1CE5001BBB2A /* resorts.json */ = {isa = PBXFileReference; fileEncoding = 4; lastKnownFileType = text.json; path = resorts.json; sourceTree = "<group>"; };
		2BA9058D23BA1E00001BBB2A /* Bundle-Decodable.swift */ = {isa = PBXFileReference; lastKnownFileType = sourcecode.swift; path = "Bundle-Decodable.swift"; sourceTree = "<group>"; };
		2BA9058F23BA1F1D001BBB2A /* WelcomeView.swift */ = {isa = PBXFileReference; lastKnownFileType = sourcecode.swift; path = WelcomeView.swift; sourceTree = "<group>"; };
		2BA9059123BA2009001BBB2A /* ResortView.swift */ = {isa = PBXFileReference; lastKnownFileType = sourcecode.swift; path = ResortView.swift; sourceTree = "<group>"; };
		2BA9059323BA209B001BBB2A /* SkiDetailsView.swift */ = {isa = PBXFileReference; lastKnownFileType = sourcecode.swift; path = SkiDetailsView.swift; sourceTree = "<group>"; };
		2BA9059523BA20B3001BBB2A /* ResortDetailsView.swift */ = {isa = PBXFileReference; lastKnownFileType = sourcecode.swift; path = ResortDetailsView.swift; sourceTree = "<group>"; };
		2BA9059723BA25E4001BBB2A /* Facility.swift */ = {isa = PBXFileReference; lastKnownFileType = sourcecode.swift; path = Facility.swift; sourceTree = "<group>"; };
		2BA9059923BA291E001BBB2A /* Favorites.swift */ = {isa = PBXFileReference; lastKnownFileType = sourcecode.swift; path = Favorites.swift; sourceTree = "<group>"; };
/* End PBXFileReference section */

/* Begin PBXFrameworksBuildPhase section */
		2BA32FE523B8AB6F00F47268 /* Frameworks */ = {
			isa = PBXFrameworksBuildPhase;
			buildActionMask = 2147483647;
			files = (
			);
			runOnlyForDeploymentPostprocessing = 0;
		};
/* End PBXFrameworksBuildPhase section */

/* Begin PBXGroup section */
		2BA32FDF23B8AB6E00F47268 = {
			isa = PBXGroup;
			children = (
				2BA32FEA23B8AB6F00F47268 /* SnowSeeker */,
				2BA32FE923B8AB6F00F47268 /* Products */,
			);
			sourceTree = "<group>";
		};
		2BA32FE923B8AB6F00F47268 /* Products */ = {
			isa = PBXGroup;
			children = (
				2BA32FE823B8AB6F00F47268 /* SnowSeeker.app */,
			);
			name = Products;
			sourceTree = "<group>";
		};
		2BA32FEA23B8AB6F00F47268 /* SnowSeeker */ = {
			isa = PBXGroup;
			children = (
				2BA32FEB23B8AB6F00F47268 /* AppDelegate.swift */,
				2BA32FED23B8AB6F00F47268 /* SceneDelegate.swift */,
				2BA32FEF23B8AB6F00F47268 /* ContentView.swift */,
				2BA9059123BA2009001BBB2A /* ResortView.swift */,
				2BA9059923BA291E001BBB2A /* Favorites.swift */,
				2BA9059323BA209B001BBB2A /* SkiDetailsView.swift */,
				2BA9059523BA20B3001BBB2A /* ResortDetailsView.swift */,
				2BA9058F23BA1F1D001BBB2A /* WelcomeView.swift */,
				2BA9059723BA25E4001BBB2A /* Facility.swift */,
				2BA9058923BA1CD4001BBB2A /* Resort.swift */,
				2BA9058D23BA1E00001BBB2A /* Bundle-Decodable.swift */,
				2BA32FF123B8AB7100F47268 /* Assets.xcassets */,
				2BA32FF623B8AB7100F47268 /* LaunchScreen.storyboard */,
				2BA9058B23BA1CE5001BBB2A /* resorts.json */,
				2BA32FF923B8AB7100F47268 /* Info.plist */,
				2BA32FF323B8AB7100F47268 /* Preview Content */,
			);
			path = SnowSeeker;
			sourceTree = "<group>";
		};
		2BA32FF323B8AB7100F47268 /* Preview Content */ = {
			isa = PBXGroup;
			children = (
				2BA32FF423B8AB7100F47268 /* Preview Assets.xcassets */,
			);
			path = "Preview Content";
			sourceTree = "<group>";
		};
/* End PBXGroup section */

/* Begin PBXNativeTarget section */
		2BA32FE723B8AB6F00F47268 /* SnowSeeker */ = {
			isa = PBXNativeTarget;
			buildConfigurationList = 2BA32FFC23B8AB7100F47268 /* Build configuration list for PBXNativeTarget "SnowSeeker" */;
			buildPhases = (
				2BA32FE423B8AB6F00F47268 /* Sources */,
				2BA32FE523B8AB6F00F47268 /* Frameworks */,
				2BA32FE623B8AB6F00F47268 /* Resources */,
			);
			buildRules = (
			);
			dependencies = (
			);
			name = SnowSeeker;
			productName = SnowSeeker;
			productReference = 2BA32FE823B8AB6F00F47268 /* SnowSeeker.app */;
			productType = "com.apple.product-type.application";
		};
/* End PBXNativeTarget section */

/* Begin PBXProject section */
		2BA32FE023B8AB6E00F47268 /* Project object */ = {
			isa = PBXProject;
			attributes = {
				LastSwiftUpdateCheck = 1130;
				LastUpgradeCheck = 1130;
				ORGANIZATIONNAME = "Issac Penn";
				TargetAttributes = {
					2BA32FE723B8AB6F00F47268 = {
						CreatedOnToolsVersion = 11.3;
					};
				};
			};
			buildConfigurationList = 2BA32FE323B8AB6E00F47268 /* Build configuration list for PBXProject "SnowSeeker" */;
			compatibilityVersion = "Xcode 9.3";
			developmentRegion = en;
			hasScannedForEncodings = 0;
			knownRegions = (
				en,
				Base,
			);
			mainGroup = 2BA32FDF23B8AB6E00F47268;
			productRefGroup = 2BA32FE923B8AB6F00F47268 /* Products */;
			projectDirPath = "";
			projectRoot = "";
			targets = (
				2BA32FE723B8AB6F00F47268 /* SnowSeeker */,
			);
		};
/* End PBXProject section */

/* Begin PBXResourcesBuildPhase section */
		2BA32FE623B8AB6F00F47268 /* Resources */ = {
			isa = PBXResourcesBuildPhase;
			buildActionMask = 2147483647;
			files = (
				2BA32FF823B8AB7100F47268 /* LaunchScreen.storyboard in Resources */,
				2BA32FF523B8AB7100F47268 /* Preview Assets.xcassets in Resources */,
				2BA9058C23BA1CE5001BBB2A /* resorts.json in Resources */,
				2BA32FF223B8AB7100F47268 /* Assets.xcassets in Resources */,
			);
			runOnlyForDeploymentPostprocessing = 0;
		};
/* End PBXResourcesBuildPhase section */

/* Begin PBXSourcesBuildPhase section */
		2BA32FE423B8AB6F00F47268 /* Sources */ = {
			isa = PBXSourcesBuildPhase;
			buildActionMask = 2147483647;
			files = (
				2BA32FEC23B8AB6F00F47268 /* AppDelegate.swift in Sources */,
				2BA9059023BA1F1D001BBB2A /* WelcomeView.swift in Sources */,
				2BA9059823BA25E4001BBB2A /* Facility.swift in Sources */,
				2BA32FEE23B8AB6F00F47268 /* SceneDelegate.swift in Sources */,
				2BA9059223BA2009001BBB2A /* ResortView.swift in Sources */,
				2BA9059A23BA291E001BBB2A /* Favorites.swift in Sources */,
				2BA9058E23BA1E00001BBB2A /* Bundle-Decodable.swift in Sources */,
				2BA9058A23BA1CD4001BBB2A /* Resort.swift in Sources */,
				2BA9059623BA20B3001BBB2A /* ResortDetailsView.swift in Sources */,
				2BA32FF023B8AB6F00F47268 /* ContentView.swift in Sources */,
				2BA9059423BA209B001BBB2A /* SkiDetailsView.swift in Sources */,
			);
			runOnlyForDeploymentPostprocessing = 0;
		};
/* End PBXSourcesBuildPhase section */

/* Begin PBXVariantGroup section */
		2BA32FF623B8AB7100F47268 /* LaunchScreen.storyboard */ = {
			isa = PBXVariantGroup;
			children = (
				2BA32FF723B8AB7100F47268 /* Base */,
			);
			name = LaunchScreen.storyboard;
			sourceTree = "<group>";
		};
/* End PBXVariantGroup section */

/* Begin XCBuildConfiguration section */
		2BA32FFA23B8AB7100F47268 /* Debug */ = {
			isa = XCBuildConfiguration;
			buildSettings = {
				ALWAYS_SEARCH_USER_PATHS = NO;
				CLANG_ANALYZER_NONNULL = YES;
				CLANG_ANALYZER_NUMBER_OBJECT_CONVERSION = YES_AGGRESSIVE;
				CLANG_CXX_LANGUAGE_STANDARD = "gnu++14";
				CLANG_CXX_LIBRARY = "libc++";
				CLANG_ENABLE_MODULES = YES;
				CLANG_ENABLE_OBJC_ARC = YES;
				CLANG_ENABLE_OBJC_WEAK = YES;
				CLANG_WARN_BLOCK_CAPTURE_AUTORELEASING = YES;
				CLANG_WARN_BOOL_CONVERSION = YES;
				CLANG_WARN_COMMA = YES;
				CLANG_WARN_CONSTANT_CONVERSION = YES;
				CLANG_WARN_DEPRECATED_OBJC_IMPLEMENTATIONS = YES;
				CLANG_WARN_DIRECT_OBJC_ISA_USAGE = YES_ERROR;
				CLANG_WARN_DOCUMENTATION_COMMENTS = YES;
				CLANG_WARN_EMPTY_BODY = YES;
				CLANG_WARN_ENUM_CONVERSION = YES;
				CLANG_WARN_INFINITE_RECURSION = YES;
				CLANG_WARN_INT_CONVERSION = YES;
				CLANG_WARN_NON_LITERAL_NULL_CONVERSION = YES;
				CLANG_WARN_OBJC_IMPLICIT_RETAIN_SELF = YES;
				CLANG_WARN_OBJC_LITERAL_CONVERSION = YES;
				CLANG_WARN_OBJC_ROOT_CLASS = YES_ERROR;
				CLANG_WARN_RANGE_LOOP_ANALYSIS = YES;
				CLANG_WARN_STRICT_PROTOTYPES = YES;
				CLANG_WARN_SUSPICIOUS_MOVE = YES;
				CLANG_WARN_UNGUARDED_AVAILABILITY = YES_AGGRESSIVE;
				CLANG_WARN_UNREACHABLE_CODE = YES;
				CLANG_WARN__DUPLICATE_METHOD_MATCH = YES;
				COPY_PHASE_STRIP = NO;
				DEBUG_INFORMATION_FORMAT = dwarf;
				ENABLE_STRICT_OBJC_MSGSEND = YES;
				ENABLE_TESTABILITY = YES;
				GCC_C_LANGUAGE_STANDARD = gnu11;
				GCC_DYNAMIC_NO_PIC = NO;
				GCC_NO_COMMON_BLOCKS = YES;
				GCC_OPTIMIZATION_LEVEL = 0;
				GCC_PREPROCESSOR_DEFINITIONS = (
					"DEBUG=1",
					"$(inherited)",
				);
				GCC_WARN_64_TO_32_BIT_CONVERSION = YES;
				GCC_WARN_ABOUT_RETURN_TYPE = YES_ERROR;
				GCC_WARN_UNDECLARED_SELECTOR = YES;
				GCC_WARN_UNINITIALIZED_AUTOS = YES_AGGRESSIVE;
				GCC_WARN_UNUSED_FUNCTION = YES;
				GCC_WARN_UNUSED_VARIABLE = YES;
				IPHONEOS_DEPLOYMENT_TARGET = 13.2;
				MTL_ENABLE_DEBUG_INFO = INCLUDE_SOURCE;
				MTL_FAST_MATH = YES;
				ONLY_ACTIVE_ARCH = YES;
				SDKROOT = iphoneos;
				SWIFT_ACTIVE_COMPILATION_CONDITIONS = DEBUG;
				SWIFT_OPTIMIZATION_LEVEL = "-Onone";
			};
			name = Debug;
		};
		2BA32FFB23B8AB7100F47268 /* Release */ = {
			isa = XCBuildConfiguration;
			buildSettings = {
				ALWAYS_SEARCH_USER_PATHS = NO;
				CLANG_ANALYZER_NONNULL = YES;
				CLANG_ANALYZER_NUMBER_OBJECT_CONVERSION = YES_AGGRESSIVE;
				CLANG_CXX_LANGUAGE_STANDARD = "gnu++14";
				CLANG_CXX_LIBRARY = "libc++";
				CLANG_ENABLE_MODULES = YES;
				CLANG_ENABLE_OBJC_ARC = YES;
				CLANG_ENABLE_OBJC_WEAK = YES;
				CLANG_WARN_BLOCK_CAPTURE_AUTORELEASING = YES;
				CLANG_WARN_BOOL_CONVERSION = YES;
				CLANG_WARN_COMMA = YES;
				CLANG_WARN_CONSTANT_CONVERSION = YES;
				CLANG_WARN_DEPRECATED_OBJC_IMPLEMENTATIONS = YES;
				CLANG_WARN_DIRECT_OBJC_ISA_USAGE = YES_ERROR;
				CLANG_WARN_DOCUMENTATION_COMMENTS = YES;
				CLANG_WARN_EMPTY_BODY = YES;
				CLANG_WARN_ENUM_CONVERSION = YES;
				CLANG_WARN_INFINITE_RECURSION = YES;
				CLANG_WARN_INT_CONVERSION = YES;
				CLANG_WARN_NON_LITERAL_NULL_CONVERSION = YES;
				CLANG_WARN_OBJC_IMPLICIT_RETAIN_SELF = YES;
				CLANG_WARN_OBJC_LITERAL_CONVERSION = YES;
				CLANG_WARN_OBJC_ROOT_CLASS = YES_ERROR;
				CLANG_WARN_RANGE_LOOP_ANALYSIS = YES;
				CLANG_WARN_STRICT_PROTOTYPES = YES;
				CLANG_WARN_SUSPICIOUS_MOVE = YES;
				CLANG_WARN_UNGUARDED_AVAILABILITY = YES_AGGRESSIVE;
				CLANG_WARN_UNREACHABLE_CODE = YES;
				CLANG_WARN__DUPLICATE_METHOD_MATCH = YES;
				COPY_PHASE_STRIP = NO;
				DEBUG_INFORMATION_FORMAT = "dwarf-with-dsym";
				ENABLE_NS_ASSERTIONS = NO;
				ENABLE_STRICT_OBJC_MSGSEND = YES;
				GCC_C_LANGUAGE_STANDARD = gnu11;
				GCC_NO_COMMON_BLOCKS = YES;
				GCC_WARN_64_TO_32_BIT_CONVERSION = YES;
				GCC_WARN_ABOUT_RETURN_TYPE = YES_ERROR;
				GCC_WARN_UNDECLARED_SELECTOR = YES;
				GCC_WARN_UNINITIALIZED_AUTOS = YES_AGGRESSIVE;
				GCC_WARN_UNUSED_FUNCTION = YES;
				GCC_WARN_UNUSED_VARIABLE = YES;
				IPHONEOS_DEPLOYMENT_TARGET = 13.2;
				MTL_ENABLE_DEBUG_INFO = NO;
				MTL_FAST_MATH = YES;
				SDKROOT = iphoneos;
				SWIFT_COMPILATION_MODE = wholemodule;
				SWIFT_OPTIMIZATION_LEVEL = "-O";
				VALIDATE_PRODUCT = YES;
			};
			name = Release;
		};
		2BA32FFD23B8AB7100F47268 /* Debug */ = {
			isa = XCBuildConfiguration;
			buildSettings = {
				ASSETCATALOG_COMPILER_APPICON_NAME = AppIcon;
				CODE_SIGN_STYLE = Automatic;
				DEVELOPMENT_ASSET_PATHS = "\"SnowSeeker/Preview Content\"";
				DEVELOPMENT_TEAM = 23GN8P9Q5M;
				ENABLE_PREVIEWS = YES;
				INFOPLIST_FILE = SnowSeeker/Info.plist;
				LD_RUNPATH_SEARCH_PATHS = (
					"$(inherited)",
					"@executable_path/Frameworks",
				);
				PRODUCT_BUNDLE_IDENTIFIER = com.pbb.study.SnowSeeker;
				PRODUCT_NAME = "$(TARGET_NAME)";
				SWIFT_VERSION = 5.0;
				TARGETED_DEVICE_FAMILY = "1,2";
			};
			name = Debug;
		};
		2BA32FFE23B8AB7100F47268 /* Release */ = {
			isa = XCBuildConfiguration;
			buildSettings = {
				ASSETCATALOG_COMPILER_APPICON_NAME = AppIcon;
				CODE_SIGN_STYLE = Automatic;
				DEVELOPMENT_ASSET_PATHS = "\"SnowSeeker/Preview Content\"";
				DEVELOPMENT_TEAM = 23GN8P9Q5M;
				ENABLE_PREVIEWS = YES;
				INFOPLIST_FILE = SnowSeeker/Info.plist;
				LD_RUNPATH_SEARCH_PATHS = (
					"$(inherited)",
					"@executable_path/Frameworks",
				);
				PRODUCT_BUNDLE_IDENTIFIER = com.pbb.study.SnowSeeker;
				PRODUCT_NAME = "$(TARGET_NAME)";
				SWIFT_VERSION = 5.0;
				TARGETED_DEVICE_FAMILY = "1,2";
			};
			name = Release;
		};
/* End XCBuildConfiguration section */

/* Begin XCConfigurationList section */
		2BA32FE323B8AB6E00F47268 /* Build configuration list for PBXProject "SnowSeeker" */ = {
			isa = XCConfigurationList;
			buildConfigurations = (
				2BA32FFA23B8AB7100F47268 /* Debug */,
				2BA32FFB23B8AB7100F47268 /* Release */,
			);
			defaultConfigurationIsVisible = 0;
			defaultConfigurationName = Release;
		};
		2BA32FFC23B8AB7100F47268 /* Build configuration list for PBXNativeTarget "SnowSeeker" */ = {
			isa = XCConfigurationList;
			buildConfigurations = (
				2BA32FFD23B8AB7100F47268 /* Debug */,
				2BA32FFE23B8AB7100F47268 /* Release */,
			);
			defaultConfigurationIsVisible = 0;
			defaultConfigurationName = Release;
		};
/* End XCConfigurationList section */
	};
	rootObject = 2BA32FE023B8AB6E00F47268 /* Project object */;
}
